// !$*UTF8*$!
{
	archiveVersion = 1;
	classes = {
	};
	objectVersion = 46;
	objects = {

/* Begin PBXBuildFile section */
		01138E931D8CE84F00DD1748 /* AppDelegate.swift in Sources */ = {isa = PBXBuildFile; fileRef = 01138E921D8CE84F00DD1748 /* AppDelegate.swift */; };
		01138E981D8CE84F00DD1748 /* Main.storyboard in Resources */ = {isa = PBXBuildFile; fileRef = 01138E961D8CE84F00DD1748 /* Main.storyboard */; };
		01138E9A1D8CE84F00DD1748 /* Assets.xcassets in Resources */ = {isa = PBXBuildFile; fileRef = 01138E991D8CE84F00DD1748 /* Assets.xcassets */; };
		01138E9D1D8CE84F00DD1748 /* LaunchScreen.storyboard in Resources */ = {isa = PBXBuildFile; fileRef = 01138E9B1D8CE84F00DD1748 /* LaunchScreen.storyboard */; };
		0117E61E1D8E1052006A6266 /* ShotViewController.swift in Sources */ = {isa = PBXBuildFile; fileRef = 0117E61D1D8E1052006A6266 /* ShotViewController.swift */; };
		0117E6201D8E2DD1006A6266 /* ExtendedHitButton.swift in Sources */ = {isa = PBXBuildFile; fileRef = 0117E61F1D8E2DD1006A6266 /* ExtendedHitButton.swift */; };
		0122BAA61D8CFFEE001DE708 /* UIColorExtensions.swift in Sources */ = {isa = PBXBuildFile; fileRef = 0122BAA41D8CFFEE001DE708 /* UIColorExtensions.swift */; };
		0122BAA71D8CFFEE001DE708 /* UIFontExtensions.swift in Sources */ = {isa = PBXBuildFile; fileRef = 0122BAA51D8CFFEE001DE708 /* UIFontExtensions.swift */; };
		0122BAAA1D8D0394001DE708 /* ShotCollectionCell.swift in Sources */ = {isa = PBXBuildFile; fileRef = 0122BAA91D8D0394001DE708 /* ShotCollectionCell.swift */; };
		01802ADA1D8CF9DC002AE659 /* ShotsViewController.swift in Sources */ = {isa = PBXBuildFile; fileRef = 01802AD91D8CF9DC002AE659 /* ShotsViewController.swift */; };
		01802ADD1D8CFBD7002AE659 /* DribbbleShot.swift in Sources */ = {isa = PBXBuildFile; fileRef = 01802ADB1D8CFBD7002AE659 /* DribbbleShot.swift */; };
		01802ADE1D8CFBD7002AE659 /* DribbbleDataSource.swift in Sources */ = {isa = PBXBuildFile; fileRef = 01802ADC1D8CFBD7002AE659 /* DribbbleDataSource.swift */; };
		199B6E6511412D9EE7707DFA /* Pods_Hoopy.framework in Frameworks */ = {isa = PBXBuildFile; fileRef = F98317C01E3664EEB5310F41 /* Pods_Hoopy.framework */; };
/* End PBXBuildFile section */

/* Begin PBXFileReference section */
		01138E8F1D8CE84F00DD1748 /* Hoopy.app */ = {isa = PBXFileReference; explicitFileType = wrapper.application; includeInIndex = 0; path = Hoopy.app; sourceTree = BUILT_PRODUCTS_DIR; };
		01138E921D8CE84F00DD1748 /* AppDelegate.swift */ = {isa = PBXFileReference; lastKnownFileType = sourcecode.swift; path = AppDelegate.swift; sourceTree = "<group>"; };
		01138E971D8CE84F00DD1748 /* Base */ = {isa = PBXFileReference; lastKnownFileType = file.storyboard; name = Base; path = Base.lproj/Main.storyboard; sourceTree = "<group>"; };
		01138E991D8CE84F00DD1748 /* Assets.xcassets */ = {isa = PBXFileReference; lastKnownFileType = folder.assetcatalog; path = Assets.xcassets; sourceTree = "<group>"; };
		01138E9C1D8CE84F00DD1748 /* Base */ = {isa = PBXFileReference; lastKnownFileType = file.storyboard; name = Base; path = Base.lproj/LaunchScreen.storyboard; sourceTree = "<group>"; };
		01138E9E1D8CE84F00DD1748 /* Info.plist */ = {isa = PBXFileReference; lastKnownFileType = text.plist.xml; path = Info.plist; sourceTree = "<group>"; };
		0117E61D1D8E1052006A6266 /* ShotViewController.swift */ = {isa = PBXFileReference; fileEncoding = 4; lastKnownFileType = sourcecode.swift; path = ShotViewController.swift; sourceTree = "<group>"; };
		0117E61F1D8E2DD1006A6266 /* ExtendedHitButton.swift */ = {isa = PBXFileReference; fileEncoding = 4; lastKnownFileType = sourcecode.swift; path = ExtendedHitButton.swift; sourceTree = "<group>"; };
		0122BAA41D8CFFEE001DE708 /* UIColorExtensions.swift */ = {isa = PBXFileReference; fileEncoding = 4; lastKnownFileType = sourcecode.swift; path = UIColorExtensions.swift; sourceTree = "<group>"; };
		0122BAA51D8CFFEE001DE708 /* UIFontExtensions.swift */ = {isa = PBXFileReference; fileEncoding = 4; lastKnownFileType = sourcecode.swift; path = UIFontExtensions.swift; sourceTree = "<group>"; };
		0122BAA91D8D0394001DE708 /* ShotCollectionCell.swift */ = {isa = PBXFileReference; fileEncoding = 4; lastKnownFileType = sourcecode.swift; path = ShotCollectionCell.swift; sourceTree = "<group>"; };
		01802AD91D8CF9DC002AE659 /* ShotsViewController.swift */ = {isa = PBXFileReference; fileEncoding = 4; lastKnownFileType = sourcecode.swift; path = ShotsViewController.swift; sourceTree = "<group>"; };
		01802ADB1D8CFBD7002AE659 /* DribbbleShot.swift */ = {isa = PBXFileReference; fileEncoding = 4; lastKnownFileType = sourcecode.swift; path = DribbbleShot.swift; sourceTree = "<group>"; };
		01802ADC1D8CFBD7002AE659 /* DribbbleDataSource.swift */ = {isa = PBXFileReference; fileEncoding = 4; lastKnownFileType = sourcecode.swift; path = DribbbleDataSource.swift; sourceTree = "<group>"; };
		545D1A094ADDAF42910D9EF3 /* Pods-Hoopy.debug.xcconfig */ = {isa = PBXFileReference; includeInIndex = 1; lastKnownFileType = text.xcconfig; name = "Pods-Hoopy.debug.xcconfig"; path = "Pods/Target Support Files/Pods-Hoopy/Pods-Hoopy.debug.xcconfig"; sourceTree = "<group>"; };
		E41449779E047D7050B940DB /* Pods-Hoopy.release.xcconfig */ = {isa = PBXFileReference; includeInIndex = 1; lastKnownFileType = text.xcconfig; name = "Pods-Hoopy.release.xcconfig"; path = "Pods/Target Support Files/Pods-Hoopy/Pods-Hoopy.release.xcconfig"; sourceTree = "<group>"; };
		F98317C01E3664EEB5310F41 /* Pods_Hoopy.framework */ = {isa = PBXFileReference; explicitFileType = wrapper.framework; includeInIndex = 0; path = Pods_Hoopy.framework; sourceTree = BUILT_PRODUCTS_DIR; };
/* End PBXFileReference section */

/* Begin PBXFrameworksBuildPhase section */
		01138E8C1D8CE84F00DD1748 /* Frameworks */ = {
			isa = PBXFrameworksBuildPhase;
			buildActionMask = 2147483647;
			files = (
				199B6E6511412D9EE7707DFA /* Pods_Hoopy.framework in Frameworks */,
			);
			runOnlyForDeploymentPostprocessing = 0;
		};
/* End PBXFrameworksBuildPhase section */

/* Begin PBXGroup section */
		01138E861D8CE84F00DD1748 = {
			isa = PBXGroup;
			children = (
				01138E911D8CE84F00DD1748 /* Hoopy */,
				01138E901D8CE84F00DD1748 /* Products */,
				C865863499FB2597D0F3D160 /* Pods */,
				AEB6FB9DABB66C2F5E53EA03 /* Frameworks */,
			);
			sourceTree = "<group>";
		};
		01138E901D8CE84F00DD1748 /* Products */ = {
			isa = PBXGroup;
			children = (
				01138E8F1D8CE84F00DD1748 /* Hoopy.app */,
			);
			name = Products;
			sourceTree = "<group>";
		};
		01138E911D8CE84F00DD1748 /* Hoopy */ = {
			isa = PBXGroup;
			children = (
				01138E921D8CE84F00DD1748 /* AppDelegate.swift */,
				0117E61B1D8E0916006A6266 /* View Controllers */,
				0117E61C1D8E0923006A6266 /* View */,
				0122BAA81D8CFFF2001DE708 /* Extensions */,
				01802ADF1D8CFBDB002AE659 /* Models */,
				01138E961D8CE84F00DD1748 /* Main.storyboard */,
				01138E9B1D8CE84F00DD1748 /* LaunchScreen.storyboard */,
				01138E991D8CE84F00DD1748 /* Assets.xcassets */,
				01138E9E1D8CE84F00DD1748 /* Info.plist */,
			);
			path = Hoopy;
			sourceTree = "<group>";
		};
		0117E61B1D8E0916006A6266 /* View Controllers */ = {
			isa = PBXGroup;
			children = (
				01802AD91D8CF9DC002AE659 /* ShotsViewController.swift */,
				0117E61D1D8E1052006A6266 /* ShotViewController.swift */,
			);
			name = "View Controllers";
			sourceTree = "<group>";
		};
		0117E61C1D8E0923006A6266 /* View */ = {
			isa = PBXGroup;
			children = (
				0122BAA91D8D0394001DE708 /* ShotCollectionCell.swift */,
				0117E61F1D8E2DD1006A6266 /* ExtendedHitButton.swift */,
			);
			name = View;
			sourceTree = "<group>";
		};
		0122BAA81D8CFFF2001DE708 /* Extensions */ = {
			isa = PBXGroup;
			children = (
				0122BAA41D8CFFEE001DE708 /* UIColorExtensions.swift */,
				0122BAA51D8CFFEE001DE708 /* UIFontExtensions.swift */,
			);
			name = Extensions;
			sourceTree = "<group>";
		};
		01802ADF1D8CFBDB002AE659 /* Models */ = {
			isa = PBXGroup;
			children = (
				01802ADB1D8CFBD7002AE659 /* DribbbleShot.swift */,
				01802ADC1D8CFBD7002AE659 /* DribbbleDataSource.swift */,
			);
			name = Models;
			sourceTree = "<group>";
		};
		AEB6FB9DABB66C2F5E53EA03 /* Frameworks */ = {
			isa = PBXGroup;
			children = (
				F98317C01E3664EEB5310F41 /* Pods_Hoopy.framework */,
			);
			name = Frameworks;
			sourceTree = "<group>";
		};
		C865863499FB2597D0F3D160 /* Pods */ = {
			isa = PBXGroup;
			children = (
				545D1A094ADDAF42910D9EF3 /* Pods-Hoopy.debug.xcconfig */,
				E41449779E047D7050B940DB /* Pods-Hoopy.release.xcconfig */,
			);
			name = Pods;
			sourceTree = "<group>";
		};
/* End PBXGroup section */

/* Begin PBXNativeTarget section */
		01138E8E1D8CE84F00DD1748 /* Hoopy */ = {
			isa = PBXNativeTarget;
			buildConfigurationList = 01138EA11D8CE84F00DD1748 /* Build configuration list for PBXNativeTarget "Hoopy" */;
			buildPhases = (
				37E2D568853D8237C9294507 /* [CP] Check Pods Manifest.lock */,
				01138E8B1D8CE84F00DD1748 /* Sources */,
				01138E8C1D8CE84F00DD1748 /* Frameworks */,
				01138E8D1D8CE84F00DD1748 /* Resources */,
				45DDF57F56A771D9E678AD04 /* [CP] Embed Pods Frameworks */,
				2BA67D26224ECECA3CDBADDF /* [CP] Copy Pods Resources */,
			);
			buildRules = (
			);
			dependencies = (
			);
			name = Hoopy;
			productName = Hoopy;
			productReference = 01138E8F1D8CE84F00DD1748 /* Hoopy.app */;
			productType = "com.apple.product-type.application";
		};
/* End PBXNativeTarget section */

/* Begin PBXProject section */
		01138E871D8CE84F00DD1748 /* Project object */ = {
			isa = PBXProject;
			attributes = {
				LastSwiftUpdateCheck = 0800;
				LastUpgradeCheck = 0800;
				ORGANIZATIONNAME = "Daniel Inoa";
				TargetAttributes = {
					01138E8E1D8CE84F00DD1748 = {
						CreatedOnToolsVersion = 8.0;
						DevelopmentTeam = A8SJS26GGQ;
						ProvisioningStyle = Automatic;
					};
				};
			};
			buildConfigurationList = 01138E8A1D8CE84F00DD1748 /* Build configuration list for PBXProject "Hoopy" */;
			compatibilityVersion = "Xcode 3.2";
			developmentRegion = English;
			hasScannedForEncodings = 0;
			knownRegions = (
				en,
				Base,
			);
			mainGroup = 01138E861D8CE84F00DD1748;
			productRefGroup = 01138E901D8CE84F00DD1748 /* Products */;
			projectDirPath = "";
			projectRoot = "";
			targets = (
				01138E8E1D8CE84F00DD1748 /* Hoopy */,
			);
		};
/* End PBXProject section */

/* Begin PBXResourcesBuildPhase section */
		01138E8D1D8CE84F00DD1748 /* Resources */ = {
			isa = PBXResourcesBuildPhase;
			buildActionMask = 2147483647;
			files = (
				01138E9D1D8CE84F00DD1748 /* LaunchScreen.storyboard in Resources */,
				01138E9A1D8CE84F00DD1748 /* Assets.xcassets in Resources */,
				01138E981D8CE84F00DD1748 /* Main.storyboard in Resources */,
			);
			runOnlyForDeploymentPostprocessing = 0;
		};
/* End PBXResourcesBuildPhase section */

/* Begin PBXShellScriptBuildPhase section */
		2BA67D26224ECECA3CDBADDF /* [CP] Copy Pods Resources */ = {
			isa = PBXShellScriptBuildPhase;
			buildActionMask = 2147483647;
			files = (
			);
			inputPaths = (
			);
			name = "[CP] Copy Pods Resources";
			outputPaths = (
			);
			runOnlyForDeploymentPostprocessing = 0;
			shellPath = /bin/sh;
			shellScript = "\"${SRCROOT}/Pods/Target Support Files/Pods-Hoopy/Pods-Hoopy-resources.sh\"\n";
			showEnvVarsInLog = 0;
		};
		37E2D568853D8237C9294507 /* [CP] Check Pods Manifest.lock */ = {
			isa = PBXShellScriptBuildPhase;
			buildActionMask = 2147483647;
			files = (
			);
			inputPaths = (
			);
			name = "[CP] Check Pods Manifest.lock";
			outputPaths = (
			);
			runOnlyForDeploymentPostprocessing = 0;
			shellPath = /bin/sh;
			shellScript = "diff \"${PODS_ROOT}/../Podfile.lock\" \"${PODS_ROOT}/Manifest.lock\" > /dev/null\nif [[ $? != 0 ]] ; then\n    cat << EOM\nerror: The sandbox is not in sync with the Podfile.lock. Run 'pod install' or update your CocoaPods installation.\nEOM\n    exit 1\nfi\n";
			showEnvVarsInLog = 0;
		};
		45DDF57F56A771D9E678AD04 /* [CP] Embed Pods Frameworks */ = {
			isa = PBXShellScriptBuildPhase;
			buildActionMask = 2147483647;
			files = (
			);
			inputPaths = (
			);
			name = "[CP] Embed Pods Frameworks";
			outputPaths = (
			);
			runOnlyForDeploymentPostprocessing = 0;
			shellPath = /bin/sh;
			shellScript = "\"${SRCROOT}/Pods/Target Support Files/Pods-Hoopy/Pods-Hoopy-frameworks.sh\"\n";
			showEnvVarsInLog = 0;
		};
/* End PBXShellScriptBuildPhase section */

/* Begin PBXSourcesBuildPhase section */
		01138E8B1D8CE84F00DD1748 /* Sources */ = {
			isa = PBXSourcesBuildPhase;
			buildActionMask = 2147483647;
			files = (
				0117E61E1D8E1052006A6266 /* ShotViewController.swift in Sources */,
				01802ADE1D8CFBD7002AE659 /* DribbbleDataSource.swift in Sources */,
				0122BAAA1D8D0394001DE708 /* ShotCollectionCell.swift in Sources */,
				01802ADA1D8CF9DC002AE659 /* ShotsViewController.swift in Sources */,
				0122BAA71D8CFFEE001DE708 /* UIFontExtensions.swift in Sources */,
				0117E6201D8E2DD1006A6266 /* ExtendedHitButton.swift in Sources */,
				01138E931D8CE84F00DD1748 /* AppDelegate.swift in Sources */,
				01802ADD1D8CFBD7002AE659 /* DribbbleShot.swift in Sources */,
				0122BAA61D8CFFEE001DE708 /* UIColorExtensions.swift in Sources */,
			);
			runOnlyForDeploymentPostprocessing = 0;
		};
/* End PBXSourcesBuildPhase section */

/* Begin PBXVariantGroup section */
		01138E961D8CE84F00DD1748 /* Main.storyboard */ = {
			isa = PBXVariantGroup;
			children = (
				01138E971D8CE84F00DD1748 /* Base */,
			);
			name = Main.storyboard;
			sourceTree = "<group>";
		};
		01138E9B1D8CE84F00DD1748 /* LaunchScreen.storyboard */ = {
			isa = PBXVariantGroup;
			children = (
				01138E9C1D8CE84F00DD1748 /* Base */,
			);
			name = LaunchScreen.storyboard;
			sourceTree = "<group>";
		};
/* End PBXVariantGroup section */

/* Begin XCBuildConfiguration section */
		01138E9F1D8CE84F00DD1748 /* Debug */ = {
			isa = XCBuildConfiguration;
			buildSettings = {
				ALWAYS_SEARCH_USER_PATHS = NO;
				CLANG_ANALYZER_NONNULL = YES;
				CLANG_CXX_LANGUAGE_STANDARD = "gnu++0x";
				CLANG_CXX_LIBRARY = "libc++";
				CLANG_ENABLE_MODULES = YES;
				CLANG_ENABLE_OBJC_ARC = YES;
				CLANG_WARN_BOOL_CONVERSION = YES;
				CLANG_WARN_CONSTANT_CONVERSION = YES;
				CLANG_WARN_DIRECT_OBJC_ISA_USAGE = YES_ERROR;
				CLANG_WARN_DOCUMENTATION_COMMENTS = YES;
				CLANG_WARN_EMPTY_BODY = YES;
				CLANG_WARN_ENUM_CONVERSION = YES;
				CLANG_WARN_INFINITE_RECURSION = YES;
				CLANG_WARN_INT_CONVERSION = YES;
				CLANG_WARN_OBJC_ROOT_CLASS = YES_ERROR;
				CLANG_WARN_SUSPICIOUS_MOVE = YES;
				CLANG_WARN_SUSPICIOUS_MOVES = YES;
				CLANG_WARN_UNREACHABLE_CODE = YES;
				CLANG_WARN__DUPLICATE_METHOD_MATCH = YES;
				"CODE_SIGN_IDENTITY[sdk=iphoneos*]" = "iPhone Developer";
				COPY_PHASE_STRIP = NO;
				DEBUG_INFORMATION_FORMAT = dwarf;
				ENABLE_STRICT_OBJC_MSGSEND = YES;
				ENABLE_TESTABILITY = YES;
				GCC_C_LANGUAGE_STANDARD = gnu99;
				GCC_DYNAMIC_NO_PIC = NO;
				GCC_NO_COMMON_BLOCKS = YES;
				GCC_OPTIMIZATION_LEVEL = 0;
				GCC_PREPROCESSOR_DEFINITIONS = (
					"DEBUG=1",
					"$(inherited)",
				);
				GCC_WARN_64_TO_32_BIT_CONVERSION = YES;
				GCC_WARN_ABOUT_RETURN_TYPE = YES_ERROR;
				GCC_WARN_UNDECLARED_SELECTOR = YES;
				GCC_WARN_UNINITIALIZED_AUTOS = YES_AGGRESSIVE;
				GCC_WARN_UNUSED_FUNCTION = YES;
				GCC_WARN_UNUSED_VARIABLE = YES;
				IPHONEOS_DEPLOYMENT_TARGET = 10.0;
				MTL_ENABLE_DEBUG_INFO = YES;
				ONLY_ACTIVE_ARCH = YES;
				SDKROOT = iphoneos;
				SWIFT_ACTIVE_COMPILATION_CONDITIONS = DEBUG;
				SWIFT_OPTIMIZATION_LEVEL = "-Onone";
			};
			name = Debug;
		};
		01138EA01D8CE84F00DD1748 /* Release */ = {
			isa = XCBuildConfiguration;
			buildSettings = {
				ALWAYS_SEARCH_USER_PATHS = NO;
				CLANG_ANALYZER_NONNULL = YES;
				CLANG_CXX_LANGUAGE_STANDARD = "gnu++0x";
				CLANG_CXX_LIBRARY = "libc++";
				CLANG_ENABLE_MODULES = YES;
				CLANG_ENABLE_OBJC_ARC = YES;
				CLANG_WARN_BOOL_CONVERSION = YES;
				CLANG_WARN_CONSTANT_CONVERSION = YES;
				CLANG_WARN_DIRECT_OBJC_ISA_USAGE = YES_ERROR;
				CLANG_WARN_DOCUMENTATION_COMMENTS = YES;
				CLANG_WARN_EMPTY_BODY = YES;
				CLANG_WARN_ENUM_CONVERSION = YES;
				CLANG_WARN_INFINITE_RECURSION = YES;
				CLANG_WARN_INT_CONVERSION = YES;
				CLANG_WARN_OBJC_ROOT_CLASS = YES_ERROR;
				CLANG_WARN_SUSPICIOUS_MOVE = YES;
				CLANG_WARN_SUSPICIOUS_MOVES = YES;
				CLANG_WARN_UNREACHABLE_CODE = YES;
				CLANG_WARN__DUPLICATE_METHOD_MATCH = YES;
				"CODE_SIGN_IDENTITY[sdk=iphoneos*]" = "iPhone Developer";
				COPY_PHASE_STRIP = NO;
				DEBUG_INFORMATION_FORMAT = "dwarf-with-dsym";
				ENABLE_NS_ASSERTIONS = NO;
				ENABLE_STRICT_OBJC_MSGSEND = YES;
				GCC_C_LANGUAGE_STANDARD = gnu99;
				GCC_NO_COMMON_BLOCKS = YES;
				GCC_WARN_64_TO_32_BIT_CONVERSION = YES;
				GCC_WARN_ABOUT_RETURN_TYPE = YES_ERROR;
				GCC_WARN_UNDECLARED_SELECTOR = YES;
				GCC_WARN_UNINITIALIZED_AUTOS = YES_AGGRESSIVE;
				GCC_WARN_UNUSED_FUNCTION = YES;
				GCC_WARN_UNUSED_VARIABLE = YES;
				IPHONEOS_DEPLOYMENT_TARGET = 10.0;
				MTL_ENABLE_DEBUG_INFO = NO;
				SDKROOT = iphoneos;
				SWIFT_OPTIMIZATION_LEVEL = "-Owholemodule";
				VALIDATE_PRODUCT = YES;
			};
			name = Release;
		};
		01138EA21D8CE84F00DD1748 /* Debug */ = {
			isa = XCBuildConfiguration;
			baseConfigurationReference = 545D1A094ADDAF42910D9EF3 /* Pods-Hoopy.debug.xcconfig */;
			buildSettings = {
				ALWAYS_EMBED_SWIFT_STANDARD_LIBRARIES = YES;
				ASSETCATALOG_COMPILER_APPICON_NAME = AppIcon;
				DEVELOPMENT_TEAM = A8SJS26GGQ;
				INFOPLIST_FILE = Hoopy/Info.plist;
				LD_RUNPATH_SEARCH_PATHS = "$(inherited) @executable_path/Frameworks";
				PRODUCT_BUNDLE_IDENTIFIER = com.danielinoa.DesignApp;
				PRODUCT_NAME = "$(TARGET_NAME)";
				SWIFT_VERSION = 3.0;
			};
			name = Debug;
		};
		01138EA31D8CE84F00DD1748 /* Release */ = {
			isa = XCBuildConfiguration;
			baseConfigurationReference = E41449779E047D7050B940DB /* Pods-Hoopy.release.xcconfig */;
			buildSettings = {
				ALWAYS_EMBED_SWIFT_STANDARD_LIBRARIES = YES;
				ASSETCATALOG_COMPILER_APPICON_NAME = AppIcon;
				DEVELOPMENT_TEAM = A8SJS26GGQ;
				INFOPLIST_FILE = Hoopy/Info.plist;
				LD_RUNPATH_SEARCH_PATHS = "$(inherited) @executable_path/Frameworks";
				PRODUCT_BUNDLE_IDENTIFIER = com.danielinoa.DesignApp;
				PRODUCT_NAME = "$(TARGET_NAME)";
				SWIFT_VERSION = 3.0;
			};
			name = Release;
		};
/* End XCBuildConfiguration section */

/* Begin XCConfigurationList section */
		01138E8A1D8CE84F00DD1748 /* Build configuration list for PBXProject "Hoopy" */ = {
			isa = XCConfigurationList;
			buildConfigurations = (
				01138E9F1D8CE84F00DD1748 /* Debug */,
				01138EA01D8CE84F00DD1748 /* Release */,
			);
			defaultConfigurationIsVisible = 0;
			defaultConfigurationName = Release;
		};
		01138EA11D8CE84F00DD1748 /* Build configuration list for PBXNativeTarget "Hoopy" */ = {
			isa = XCConfigurationList;
			buildConfigurations = (
				01138EA21D8CE84F00DD1748 /* Debug */,
				01138EA31D8CE84F00DD1748 /* Release */,
			);
			defaultConfigurationIsVisible = 0;
			defaultConfigurationName = Release;
		};
/* End XCConfigurationList section */
	};
	rootObject = 01138E871D8CE84F00DD1748 /* Project object */;
}
